// !$*UTF8*$!
{
	archiveVersion = 1;
	classes = {
	};
	objectVersion = 55;
	objects = {

/* Begin PBXBuildFile section */
		4C220316E47B1A3C476044B2 /* Pods_Spotify.framework in Frameworks */ = {isa = PBXBuildFile; fileRef = 613A297ECE4AA5AF4393190B /* Pods_Spotify.framework */; };
		7506249628E2263D00E4DC89 /* PlaylistHeaderCollectionReusableView.swift in Sources */ = {isa = PBXBuildFile; fileRef = 7506249528E2263D00E4DC89 /* PlaylistHeaderCollectionReusableView.swift */; };
		7506249828E25AEA00E4DC89 /* PlaylistHeaderViewModel.swift in Sources */ = {isa = PBXBuildFile; fileRef = 7506249728E25AEA00E4DC89 /* PlaylistHeaderViewModel.swift */; };
		75080C2928E5F2DF002B5333 /* AlbumCollectionViewCellViewModel.swift in Sources */ = {isa = PBXBuildFile; fileRef = 75080C2828E5F2DF002B5333 /* AlbumCollectionViewCellViewModel.swift */; };
		75368F6528CFD83700632A36 /* SettingsModels.swift in Sources */ = {isa = PBXBuildFile; fileRef = 75368F6428CFD83700632A36 /* SettingsModels.swift */; };
		754B2B3828D232D100FA0709 /* LaunchScreen.storyboard in Resources */ = {isa = PBXBuildFile; fileRef = 754B2B3728D232D000FA0709 /* LaunchScreen.storyboard */; };
		75531DE128DE53BC00C0407F /* AlbumViewController.swift in Sources */ = {isa = PBXBuildFile; fileRef = 75531DE028DE53BC00C0407F /* AlbumViewController.swift */; };
		75531DE328DE7CF200C0407F /* AlbumDetailsResponse.swift in Sources */ = {isa = PBXBuildFile; fileRef = 75531DE228DE7CF200C0407F /* AlbumDetailsResponse.swift */; };
		75590F2728CCDFFE002B2C4A /* AuthResponse.swift in Sources */ = {isa = PBXBuildFile; fileRef = 75590F2628CCDFFE002B2C4A /* AuthResponse.swift */; };
		756E7B3728CA1F2D008FAFA7 /* TabBarViewController.swift in Sources */ = {isa = PBXBuildFile; fileRef = 756E7B3628CA1F2D008FAFA7 /* TabBarViewController.swift */; };
		756E7B3928CA1FBE008FAFA7 /* SearchViewController.swift in Sources */ = {isa = PBXBuildFile; fileRef = 756E7B3828CA1FBE008FAFA7 /* SearchViewController.swift */; };
		756E7B3B28CA1FFB008FAFA7 /* LibraryViewController.swift in Sources */ = {isa = PBXBuildFile; fileRef = 756E7B3A28CA1FFB008FAFA7 /* LibraryViewController.swift */; };
		756E7B3F28CA2068008FAFA7 /* AuthViewController.swift in Sources */ = {isa = PBXBuildFile; fileRef = 756E7B3E28CA2068008FAFA7 /* AuthViewController.swift */; };
		756E7B4128CA2082008FAFA7 /* WelcomeViewController.swift in Sources */ = {isa = PBXBuildFile; fileRef = 756E7B4028CA2082008FAFA7 /* WelcomeViewController.swift */; };
		756E7B4328CA2093008FAFA7 /* SettingsViewController.swift in Sources */ = {isa = PBXBuildFile; fileRef = 756E7B4228CA2093008FAFA7 /* SettingsViewController.swift */; };
		756E7B4528CA20AE008FAFA7 /* ProfileViewController.swift in Sources */ = {isa = PBXBuildFile; fileRef = 756E7B4428CA20AE008FAFA7 /* ProfileViewController.swift */; };
		756E7B4728CA20CE008FAFA7 /* PlayerViewController.swift in Sources */ = {isa = PBXBuildFile; fileRef = 756E7B4628CA20CE008FAFA7 /* PlayerViewController.swift */; };
		756E7B4928CA20EA008FAFA7 /* PlaylistViewController.swift in Sources */ = {isa = PBXBuildFile; fileRef = 756E7B4828CA20EA008FAFA7 /* PlaylistViewController.swift */; };
		756E7B4B28CA210E008FAFA7 /* SearchResultsViewController.swift in Sources */ = {isa = PBXBuildFile; fileRef = 756E7B4A28CA210E008FAFA7 /* SearchResultsViewController.swift */; };
		756E7B4D28CA217D008FAFA7 /* AuthManager.swift in Sources */ = {isa = PBXBuildFile; fileRef = 756E7B4C28CA217D008FAFA7 /* AuthManager.swift */; };
		756E7B4F28CA219C008FAFA7 /* APICaller.swift in Sources */ = {isa = PBXBuildFile; fileRef = 756E7B4E28CA219C008FAFA7 /* APICaller.swift */; };
		756E7B5128CA21D2008FAFA7 /* HapticsManager.swift in Sources */ = {isa = PBXBuildFile; fileRef = 756E7B5028CA21D2008FAFA7 /* HapticsManager.swift */; };
		756E7B5328CA2249008FAFA7 /* Playlist.swift in Sources */ = {isa = PBXBuildFile; fileRef = 756E7B5228CA2249008FAFA7 /* Playlist.swift */; };
		756E7B5528CA225E008FAFA7 /* AudioTrack.swift in Sources */ = {isa = PBXBuildFile; fileRef = 756E7B5428CA225E008FAFA7 /* AudioTrack.swift */; };
		756E7B5728CA226D008FAFA7 /* Artist.swift in Sources */ = {isa = PBXBuildFile; fileRef = 756E7B5628CA226D008FAFA7 /* Artist.swift */; };
		756E7B5928CA2280008FAFA7 /* UserProfile.swift in Sources */ = {isa = PBXBuildFile; fileRef = 756E7B5828CA2280008FAFA7 /* UserProfile.swift */; };
		756E7B5B28CAA71F008FAFA7 /* Extensions.swift in Sources */ = {isa = PBXBuildFile; fileRef = 756E7B5A28CAA71F008FAFA7 /* Extensions.swift */; };
		758600AA28DD23FC0041A57C /* FeaturedPlaylistCellViewModel.swift in Sources */ = {isa = PBXBuildFile; fileRef = 758600A928DD23FC0041A57C /* FeaturedPlaylistCellViewModel.swift */; };
		758600AC28DD24B30041A57C /* RecommendedTrackCellViewModel.swift in Sources */ = {isa = PBXBuildFile; fileRef = 758600AB28DD24B30041A57C /* RecommendedTrackCellViewModel.swift */; };
		758D4C6A28D8C7B9004C73DF /* NewReleasesCellViewModel.swift in Sources */ = {isa = PBXBuildFile; fileRef = 758D4C6928D8C7B9004C73DF /* NewReleasesCellViewModel.swift */; };
		758E29BD28D3832500A375F8 /* NewReleasesResponse.swift in Sources */ = {isa = PBXBuildFile; fileRef = 758E29BC28D3832500A375F8 /* NewReleasesResponse.swift */; };
		758E29BF28D3850000A375F8 /* APIImage.swift in Sources */ = {isa = PBXBuildFile; fileRef = 758E29BE28D3850000A375F8 /* APIImage.swift */; };
		758E29C128D3BC6500A375F8 /* FeaturedPlaylistResponse.swift in Sources */ = {isa = PBXBuildFile; fileRef = 758E29C028D3BC6500A375F8 /* FeaturedPlaylistResponse.swift */; };
		758E29C328D3EAE500A375F8 /* RecommendedGenresResponse.swift in Sources */ = {isa = PBXBuildFile; fileRef = 758E29C228D3EAE500A375F8 /* RecommendedGenresResponse.swift */; };
		759F264C28E3C48D00256ED3 /* TitleHeaderCollectionReusableView.swift in Sources */ = {isa = PBXBuildFile; fileRef = 759F264B28E3C48D00256ED3 /* TitleHeaderCollectionReusableView.swift */; };
		75C5BF2628D51D3800409C53 /* RecommendationsResponse.swift in Sources */ = {isa = PBXBuildFile; fileRef = 75C5BF2528D51D3800409C53 /* RecommendationsResponse.swift */; };
		75C6CEF628E77106009CE171 /* GenreCollectionViewCell.swift in Sources */ = {isa = PBXBuildFile; fileRef = 75C6CEF528E77106009CE171 /* GenreCollectionViewCell.swift */; };
		75E2A90A28E0E9E1000DBA16 /* PlaylistDetailsResponse.swift in Sources */ = {isa = PBXBuildFile; fileRef = 75E2A90928E0E9E1000DBA16 /* PlaylistDetailsResponse.swift */; };
		75EFAC5A28E50EF1008F7D97 /* AlbumTrackCollectionViewCell.swift in Sources */ = {isa = PBXBuildFile; fileRef = 75EFAC5928E50EF1008F7D97 /* AlbumTrackCollectionViewCell.swift */; };
		75F24F4828C9589400E3D89E /* AppDelegate.swift in Sources */ = {isa = PBXBuildFile; fileRef = 75F24F4728C9589400E3D89E /* AppDelegate.swift */; };
		75F24F4A28C9589400E3D89E /* SceneDelegate.swift in Sources */ = {isa = PBXBuildFile; fileRef = 75F24F4928C9589400E3D89E /* SceneDelegate.swift */; };
		75F24F4C28C9589400E3D89E /* HomeViewController.swift in Sources */ = {isa = PBXBuildFile; fileRef = 75F24F4B28C9589400E3D89E /* HomeViewController.swift */; };
		75F24F5128C9589700E3D89E /* Assets.xcassets in Resources */ = {isa = PBXBuildFile; fileRef = 75F24F5028C9589700E3D89E /* Assets.xcassets */; };
		75F7158F28D7F3E8002F0728 /* NewReleaseCollectionViewCell.swift in Sources */ = {isa = PBXBuildFile; fileRef = 75F7158E28D7F3E8002F0728 /* NewReleaseCollectionViewCell.swift */; };
		75F7159128D7F45A002F0728 /* FeaturedPlaylistCollectionViewCell.swift in Sources */ = {isa = PBXBuildFile; fileRef = 75F7159028D7F45A002F0728 /* FeaturedPlaylistCollectionViewCell.swift */; };
		75F7159328D7F4B4002F0728 /* RecommendedTrackCollectionViewCell.swift in Sources */ = {isa = PBXBuildFile; fileRef = 75F7159228D7F4B4002F0728 /* RecommendedTrackCollectionViewCell.swift */; };
/* End PBXBuildFile section */

/* Begin PBXFileReference section */
		0B8A6CE7BED82C350A72FE80 /* Pods-Spotify.debug.xcconfig */ = {isa = PBXFileReference; includeInIndex = 1; lastKnownFileType = text.xcconfig; name = "Pods-Spotify.debug.xcconfig"; path = "Target Support Files/Pods-Spotify/Pods-Spotify.debug.xcconfig"; sourceTree = "<group>"; };
		613A297ECE4AA5AF4393190B /* Pods_Spotify.framework */ = {isa = PBXFileReference; explicitFileType = wrapper.framework; includeInIndex = 0; path = Pods_Spotify.framework; sourceTree = BUILT_PRODUCTS_DIR; };
		7506249528E2263D00E4DC89 /* PlaylistHeaderCollectionReusableView.swift */ = {isa = PBXFileReference; lastKnownFileType = sourcecode.swift; path = PlaylistHeaderCollectionReusableView.swift; sourceTree = "<group>"; };
		7506249728E25AEA00E4DC89 /* PlaylistHeaderViewModel.swift */ = {isa = PBXFileReference; lastKnownFileType = sourcecode.swift; path = PlaylistHeaderViewModel.swift; sourceTree = "<group>"; };
		75080C2828E5F2DF002B5333 /* AlbumCollectionViewCellViewModel.swift */ = {isa = PBXFileReference; lastKnownFileType = sourcecode.swift; path = AlbumCollectionViewCellViewModel.swift; sourceTree = "<group>"; };
		75368F6428CFD83700632A36 /* SettingsModels.swift */ = {isa = PBXFileReference; lastKnownFileType = sourcecode.swift; path = SettingsModels.swift; sourceTree = "<group>"; };
		754B2B3728D232D000FA0709 /* LaunchScreen.storyboard */ = {isa = PBXFileReference; fileEncoding = 4; lastKnownFileType = file.storyboard; path = LaunchScreen.storyboard; sourceTree = "<group>"; };
		75531DE028DE53BC00C0407F /* AlbumViewController.swift */ = {isa = PBXFileReference; lastKnownFileType = sourcecode.swift; path = AlbumViewController.swift; sourceTree = "<group>"; };
		75531DE228DE7CF200C0407F /* AlbumDetailsResponse.swift */ = {isa = PBXFileReference; lastKnownFileType = sourcecode.swift; path = AlbumDetailsResponse.swift; sourceTree = "<group>"; };
		75590F2628CCDFFE002B2C4A /* AuthResponse.swift */ = {isa = PBXFileReference; lastKnownFileType = sourcecode.swift; path = AuthResponse.swift; sourceTree = "<group>"; };
		756E7B3628CA1F2D008FAFA7 /* TabBarViewController.swift */ = {isa = PBXFileReference; lastKnownFileType = sourcecode.swift; path = TabBarViewController.swift; sourceTree = "<group>"; };
		756E7B3828CA1FBE008FAFA7 /* SearchViewController.swift */ = {isa = PBXFileReference; lastKnownFileType = sourcecode.swift; path = SearchViewController.swift; sourceTree = "<group>"; };
		756E7B3A28CA1FFB008FAFA7 /* LibraryViewController.swift */ = {isa = PBXFileReference; lastKnownFileType = sourcecode.swift; path = LibraryViewController.swift; sourceTree = "<group>"; };
		756E7B3E28CA2068008FAFA7 /* AuthViewController.swift */ = {isa = PBXFileReference; lastKnownFileType = sourcecode.swift; path = AuthViewController.swift; sourceTree = "<group>"; };
		756E7B4028CA2082008FAFA7 /* WelcomeViewController.swift */ = {isa = PBXFileReference; lastKnownFileType = sourcecode.swift; path = WelcomeViewController.swift; sourceTree = "<group>"; };
		756E7B4228CA2093008FAFA7 /* SettingsViewController.swift */ = {isa = PBXFileReference; lastKnownFileType = sourcecode.swift; path = SettingsViewController.swift; sourceTree = "<group>"; };
		756E7B4428CA20AE008FAFA7 /* ProfileViewController.swift */ = {isa = PBXFileReference; lastKnownFileType = sourcecode.swift; path = ProfileViewController.swift; sourceTree = "<group>"; };
		756E7B4628CA20CE008FAFA7 /* PlayerViewController.swift */ = {isa = PBXFileReference; lastKnownFileType = sourcecode.swift; path = PlayerViewController.swift; sourceTree = "<group>"; };
		756E7B4828CA20EA008FAFA7 /* PlaylistViewController.swift */ = {isa = PBXFileReference; lastKnownFileType = sourcecode.swift; path = PlaylistViewController.swift; sourceTree = "<group>"; };
		756E7B4A28CA210E008FAFA7 /* SearchResultsViewController.swift */ = {isa = PBXFileReference; lastKnownFileType = sourcecode.swift; path = SearchResultsViewController.swift; sourceTree = "<group>"; };
		756E7B4C28CA217D008FAFA7 /* AuthManager.swift */ = {isa = PBXFileReference; lastKnownFileType = sourcecode.swift; path = AuthManager.swift; sourceTree = "<group>"; };
		756E7B4E28CA219C008FAFA7 /* APICaller.swift */ = {isa = PBXFileReference; lastKnownFileType = sourcecode.swift; path = APICaller.swift; sourceTree = "<group>"; };
		756E7B5028CA21D2008FAFA7 /* HapticsManager.swift */ = {isa = PBXFileReference; lastKnownFileType = sourcecode.swift; path = HapticsManager.swift; sourceTree = "<group>"; };
		756E7B5228CA2249008FAFA7 /* Playlist.swift */ = {isa = PBXFileReference; lastKnownFileType = sourcecode.swift; path = Playlist.swift; sourceTree = "<group>"; };
		756E7B5428CA225E008FAFA7 /* AudioTrack.swift */ = {isa = PBXFileReference; lastKnownFileType = sourcecode.swift; path = AudioTrack.swift; sourceTree = "<group>"; };
		756E7B5628CA226D008FAFA7 /* Artist.swift */ = {isa = PBXFileReference; lastKnownFileType = sourcecode.swift; path = Artist.swift; sourceTree = "<group>"; };
		756E7B5828CA2280008FAFA7 /* UserProfile.swift */ = {isa = PBXFileReference; lastKnownFileType = sourcecode.swift; path = UserProfile.swift; sourceTree = "<group>"; };
		756E7B5A28CAA71F008FAFA7 /* Extensions.swift */ = {isa = PBXFileReference; lastKnownFileType = sourcecode.swift; path = Extensions.swift; sourceTree = "<group>"; };
		758600A928DD23FC0041A57C /* FeaturedPlaylistCellViewModel.swift */ = {isa = PBXFileReference; lastKnownFileType = sourcecode.swift; path = FeaturedPlaylistCellViewModel.swift; sourceTree = "<group>"; };
		758600AB28DD24B30041A57C /* RecommendedTrackCellViewModel.swift */ = {isa = PBXFileReference; lastKnownFileType = sourcecode.swift; path = RecommendedTrackCellViewModel.swift; sourceTree = "<group>"; };
		758D4C6928D8C7B9004C73DF /* NewReleasesCellViewModel.swift */ = {isa = PBXFileReference; lastKnownFileType = sourcecode.swift; path = NewReleasesCellViewModel.swift; sourceTree = "<group>"; };
		758E29BC28D3832500A375F8 /* NewReleasesResponse.swift */ = {isa = PBXFileReference; lastKnownFileType = sourcecode.swift; path = NewReleasesResponse.swift; sourceTree = "<group>"; };
		758E29BE28D3850000A375F8 /* APIImage.swift */ = {isa = PBXFileReference; lastKnownFileType = sourcecode.swift; path = APIImage.swift; sourceTree = "<group>"; };
		758E29C028D3BC6500A375F8 /* FeaturedPlaylistResponse.swift */ = {isa = PBXFileReference; lastKnownFileType = sourcecode.swift; path = FeaturedPlaylistResponse.swift; sourceTree = "<group>"; };
		758E29C228D3EAE500A375F8 /* RecommendedGenresResponse.swift */ = {isa = PBXFileReference; lastKnownFileType = sourcecode.swift; path = RecommendedGenresResponse.swift; sourceTree = "<group>"; };
		759F264B28E3C48D00256ED3 /* TitleHeaderCollectionReusableView.swift */ = {isa = PBXFileReference; lastKnownFileType = sourcecode.swift; path = TitleHeaderCollectionReusableView.swift; sourceTree = "<group>"; };
		75C5BF2528D51D3800409C53 /* RecommendationsResponse.swift */ = {isa = PBXFileReference; lastKnownFileType = sourcecode.swift; path = RecommendationsResponse.swift; sourceTree = "<group>"; };
		75C6CEF528E77106009CE171 /* GenreCollectionViewCell.swift */ = {isa = PBXFileReference; lastKnownFileType = sourcecode.swift; path = GenreCollectionViewCell.swift; sourceTree = "<group>"; };
		75E2A90928E0E9E1000DBA16 /* PlaylistDetailsResponse.swift */ = {isa = PBXFileReference; lastKnownFileType = sourcecode.swift; path = PlaylistDetailsResponse.swift; sourceTree = "<group>"; };
		75EFAC5928E50EF1008F7D97 /* AlbumTrackCollectionViewCell.swift */ = {isa = PBXFileReference; lastKnownFileType = sourcecode.swift; path = AlbumTrackCollectionViewCell.swift; sourceTree = "<group>"; };
		75F24F4428C9589400E3D89E /* Spotify.app */ = {isa = PBXFileReference; explicitFileType = wrapper.application; includeInIndex = 0; path = Spotify.app; sourceTree = BUILT_PRODUCTS_DIR; };
		75F24F4728C9589400E3D89E /* AppDelegate.swift */ = {isa = PBXFileReference; lastKnownFileType = sourcecode.swift; path = AppDelegate.swift; sourceTree = "<group>"; };
		75F24F4928C9589400E3D89E /* SceneDelegate.swift */ = {isa = PBXFileReference; lastKnownFileType = sourcecode.swift; path = SceneDelegate.swift; sourceTree = "<group>"; };
		75F24F4B28C9589400E3D89E /* HomeViewController.swift */ = {isa = PBXFileReference; lastKnownFileType = sourcecode.swift; path = HomeViewController.swift; sourceTree = "<group>"; };
		75F24F5028C9589700E3D89E /* Assets.xcassets */ = {isa = PBXFileReference; lastKnownFileType = folder.assetcatalog; path = Assets.xcassets; sourceTree = "<group>"; };
		75F24F5528C9589700E3D89E /* Info.plist */ = {isa = PBXFileReference; lastKnownFileType = text.plist.xml; path = Info.plist; sourceTree = "<group>"; };
		75F7158E28D7F3E8002F0728 /* NewReleaseCollectionViewCell.swift */ = {isa = PBXFileReference; lastKnownFileType = sourcecode.swift; path = NewReleaseCollectionViewCell.swift; sourceTree = "<group>"; };
		75F7159028D7F45A002F0728 /* FeaturedPlaylistCollectionViewCell.swift */ = {isa = PBXFileReference; lastKnownFileType = sourcecode.swift; path = FeaturedPlaylistCollectionViewCell.swift; sourceTree = "<group>"; };
		75F7159228D7F4B4002F0728 /* RecommendedTrackCollectionViewCell.swift */ = {isa = PBXFileReference; lastKnownFileType = sourcecode.swift; path = RecommendedTrackCollectionViewCell.swift; sourceTree = "<group>"; };
		CF0A19216AE5E620EB4A5953 /* Pods-Spotify.release.xcconfig */ = {isa = PBXFileReference; includeInIndex = 1; lastKnownFileType = text.xcconfig; name = "Pods-Spotify.release.xcconfig"; path = "Target Support Files/Pods-Spotify/Pods-Spotify.release.xcconfig"; sourceTree = "<group>"; };
/* End PBXFileReference section */

/* Begin PBXFrameworksBuildPhase section */
		75F24F4128C9589400E3D89E /* Frameworks */ = {
			isa = PBXFrameworksBuildPhase;
			buildActionMask = 2147483647;
			files = (
				4C220316E47B1A3C476044B2 /* Pods_Spotify.framework in Frameworks */,
			);
			runOnlyForDeploymentPostprocessing = 0;
		};
/* End PBXFrameworksBuildPhase section */

/* Begin PBXGroup section */
		756E7B3C28CA201B008FAFA7 /* Core */ = {
			isa = PBXGroup;
			children = (
				756E7B3628CA1F2D008FAFA7 /* TabBarViewController.swift */,
				75F24F4B28C9589400E3D89E /* HomeViewController.swift */,
				756E7B3828CA1FBE008FAFA7 /* SearchViewController.swift */,
				756E7B3A28CA1FFB008FAFA7 /* LibraryViewController.swift */,
			);
			path = Core;
			sourceTree = "<group>";
		};
		756E7B3D28CA204F008FAFA7 /* Other */ = {
			isa = PBXGroup;
			children = (
				756E7B3E28CA2068008FAFA7 /* AuthViewController.swift */,
				756E7B4028CA2082008FAFA7 /* WelcomeViewController.swift */,
				756E7B4228CA2093008FAFA7 /* SettingsViewController.swift */,
				756E7B5428CA225E008FAFA7 /* AudioTrack.swift */,
				756E7B4428CA20AE008FAFA7 /* ProfileViewController.swift */,
				756E7B4628CA20CE008FAFA7 /* PlayerViewController.swift */,
				756E7B4828CA20EA008FAFA7 /* PlaylistViewController.swift */,
				756E7B4A28CA210E008FAFA7 /* SearchResultsViewController.swift */,
				75531DE028DE53BC00C0407F /* AlbumViewController.swift */,
			);
			path = Other;
			sourceTree = "<group>";
		};
		75F24F3B28C9589400E3D89E = {
			isa = PBXGroup;
			children = (
				75F24F4628C9589400E3D89E /* Spotify */,
				75F24F4528C9589400E3D89E /* Products */,
				CA5E025B4867F9FB60C3A14F /* Pods */,
				ECB292BE0A8200B7D697C916 /* Frameworks */,
			);
			sourceTree = "<group>";
		};
		75F24F4528C9589400E3D89E /* Products */ = {
			isa = PBXGroup;
			children = (
				75F24F4428C9589400E3D89E /* Spotify.app */,
			);
			name = Products;
			sourceTree = "<group>";
		};
		75F24F4628C9589400E3D89E /* Spotify */ = {
			isa = PBXGroup;
			children = (
				75F24F6028C9595500E3D89E /* Resources */,
				75F24F5F28C9594A00E3D89E /* Managers */,
				75F24F5E28C9593D00E3D89E /* ViewModels */,
				75F24F5D28C9593500E3D89E /* Models */,
				75F24F5C28C9592D00E3D89E /* Views */,
				75F24F5B28C9591E00E3D89E /* Controllers */,
				75F24F5528C9589700E3D89E /* Info.plist */,
			);
			path = Spotify;
			sourceTree = "<group>";
		};
		75F24F5B28C9591E00E3D89E /* Controllers */ = {
			isa = PBXGroup;
			children = (
				756E7B3D28CA204F008FAFA7 /* Other */,
				756E7B3C28CA201B008FAFA7 /* Core */,
			);
			path = Controllers;
			sourceTree = "<group>";
		};
		75F24F5C28C9592D00E3D89E /* Views */ = {
			isa = PBXGroup;
			children = (
				75F7158D28D7F3B7002F0728 /* Browse */,
				754B2B3728D232D000FA0709 /* LaunchScreen.storyboard */,
				7506249528E2263D00E4DC89 /* PlaylistHeaderCollectionReusableView.swift */,
				759F264B28E3C48D00256ED3 /* TitleHeaderCollectionReusableView.swift */,
				75EFAC5928E50EF1008F7D97 /* AlbumTrackCollectionViewCell.swift */,
				75C6CEF528E77106009CE171 /* GenreCollectionViewCell.swift */,
			);
			path = Views;
			sourceTree = "<group>";
		};
		75F24F5D28C9593500E3D89E /* Models */ = {
			isa = PBXGroup;
			children = (
				756E7B5228CA2249008FAFA7 /* Playlist.swift */,
				756E7B5628CA226D008FAFA7 /* Artist.swift */,
				756E7B5828CA2280008FAFA7 /* UserProfile.swift */,
				75590F2628CCDFFE002B2C4A /* AuthResponse.swift */,
				758E29BC28D3832500A375F8 /* NewReleasesResponse.swift */,
				758E29BE28D3850000A375F8 /* APIImage.swift */,
				758E29C028D3BC6500A375F8 /* FeaturedPlaylistResponse.swift */,
				758E29C228D3EAE500A375F8 /* RecommendedGenresResponse.swift */,
				75C5BF2528D51D3800409C53 /* RecommendationsResponse.swift */,
				75531DE228DE7CF200C0407F /* AlbumDetailsResponse.swift */,
				75E2A90928E0E9E1000DBA16 /* PlaylistDetailsResponse.swift */,
				75368F6428CFD83700632A36 /* SettingsModels.swift */,
			);
			path = Models;
			sourceTree = "<group>";
		};
		75F24F5E28C9593D00E3D89E /* ViewModels */ = {
			isa = PBXGroup;
			children = (
				758D4C6928D8C7B9004C73DF /* NewReleasesCellViewModel.swift */,
				758600A928DD23FC0041A57C /* FeaturedPlaylistCellViewModel.swift */,
				758600AB28DD24B30041A57C /* RecommendedTrackCellViewModel.swift */,
				7506249728E25AEA00E4DC89 /* PlaylistHeaderViewModel.swift */,
				75080C2828E5F2DF002B5333 /* AlbumCollectionViewCellViewModel.swift */,
			);
			path = ViewModels;
			sourceTree = "<group>";
		};
		75F24F5F28C9594A00E3D89E /* Managers */ = {
			isa = PBXGroup;
			children = (
				756E7B4E28CA219C008FAFA7 /* APICaller.swift */,
				756E7B4C28CA217D008FAFA7 /* AuthManager.swift */,
				756E7B5028CA21D2008FAFA7 /* HapticsManager.swift */,
			);
			path = Managers;
			sourceTree = "<group>";
		};
		75F24F6028C9595500E3D89E /* Resources */ = {
			isa = PBXGroup;
			children = (
				75F24F5028C9589700E3D89E /* Assets.xcassets */,
				75F24F4728C9589400E3D89E /* AppDelegate.swift */,
				75F24F4928C9589400E3D89E /* SceneDelegate.swift */,
				756E7B5A28CAA71F008FAFA7 /* Extensions.swift */,
			);
			path = Resources;
			sourceTree = "<group>";
		};
		75F7158D28D7F3B7002F0728 /* Browse */ = {
			isa = PBXGroup;
			children = (
				75F7158E28D7F3E8002F0728 /* NewReleaseCollectionViewCell.swift */,
				75F7159028D7F45A002F0728 /* FeaturedPlaylistCollectionViewCell.swift */,
				75F7159228D7F4B4002F0728 /* RecommendedTrackCollectionViewCell.swift */,
			);
			path = Browse;
			sourceTree = "<group>";
		};
		CA5E025B4867F9FB60C3A14F /* Pods */ = {
			isa = PBXGroup;
			children = (
				0B8A6CE7BED82C350A72FE80 /* Pods-Spotify.debug.xcconfig */,
				CF0A19216AE5E620EB4A5953 /* Pods-Spotify.release.xcconfig */,
			);
			path = Pods;
			sourceTree = "<group>";
		};
		ECB292BE0A8200B7D697C916 /* Frameworks */ = {
			isa = PBXGroup;
			children = (
				613A297ECE4AA5AF4393190B /* Pods_Spotify.framework */,
			);
			name = Frameworks;
			sourceTree = "<group>";
		};
/* End PBXGroup section */

/* Begin PBXNativeTarget section */
		75F24F4328C9589400E3D89E /* Spotify */ = {
			isa = PBXNativeTarget;
			buildConfigurationList = 75F24F5828C9589700E3D89E /* Build configuration list for PBXNativeTarget "Spotify" */;
			buildPhases = (
				1BD979DDC2E2B87C2F65355C /* [CP] Check Pods Manifest.lock */,
				75F24F4028C9589400E3D89E /* Sources */,
				75F24F4128C9589400E3D89E /* Frameworks */,
				75F24F4228C9589400E3D89E /* Resources */,
				BBCDCE75EB24CB97463C9817 /* [CP] Embed Pods Frameworks */,
			);
			buildRules = (
			);
			dependencies = (
			);
			name = Spotify;
			productName = Spotify;
			productReference = 75F24F4428C9589400E3D89E /* Spotify.app */;
			productType = "com.apple.product-type.application";
		};
/* End PBXNativeTarget section */

/* Begin PBXProject section */
		75F24F3C28C9589400E3D89E /* Project object */ = {
			isa = PBXProject;
			attributes = {
				BuildIndependentTargetsInParallel = 1;
				LastSwiftUpdateCheck = 1340;
				LastUpgradeCheck = 1340;
				TargetAttributes = {
					75F24F4328C9589400E3D89E = {
						CreatedOnToolsVersion = 13.4.1;
					};
				};
			};
			buildConfigurationList = 75F24F3F28C9589400E3D89E /* Build configuration list for PBXProject "Spotify" */;
			compatibilityVersion = "Xcode 13.0";
			developmentRegion = en;
			hasScannedForEncodings = 0;
			knownRegions = (
				en,
				Base,
			);
			mainGroup = 75F24F3B28C9589400E3D89E;
			productRefGroup = 75F24F4528C9589400E3D89E /* Products */;
			projectDirPath = "";
			projectRoot = "";
			targets = (
				75F24F4328C9589400E3D89E /* Spotify */,
			);
		};
/* End PBXProject section */

/* Begin PBXResourcesBuildPhase section */
		75F24F4228C9589400E3D89E /* Resources */ = {
			isa = PBXResourcesBuildPhase;
			buildActionMask = 2147483647;
			files = (
				75F24F5128C9589700E3D89E /* Assets.xcassets in Resources */,
				754B2B3828D232D100FA0709 /* LaunchScreen.storyboard in Resources */,
			);
			runOnlyForDeploymentPostprocessing = 0;
		};
/* End PBXResourcesBuildPhase section */

/* Begin PBXShellScriptBuildPhase section */
		1BD979DDC2E2B87C2F65355C /* [CP] Check Pods Manifest.lock */ = {
			isa = PBXShellScriptBuildPhase;
			buildActionMask = 2147483647;
			files = (
			);
			inputFileListPaths = (
			);
			inputPaths = (
				"${PODS_PODFILE_DIR_PATH}/Podfile.lock",
				"${PODS_ROOT}/Manifest.lock",
			);
			name = "[CP] Check Pods Manifest.lock";
			outputFileListPaths = (
			);
			outputPaths = (
				"$(DERIVED_FILE_DIR)/Pods-Spotify-checkManifestLockResult.txt",
			);
			runOnlyForDeploymentPostprocessing = 0;
			shellPath = /bin/sh;
			shellScript = "diff \"${PODS_PODFILE_DIR_PATH}/Podfile.lock\" \"${PODS_ROOT}/Manifest.lock\" > /dev/null\nif [ $? != 0 ] ; then\n    # print error to STDERR\n    echo \"error: The sandbox is not in sync with the Podfile.lock. Run 'pod install' or update your CocoaPods installation.\" >&2\n    exit 1\nfi\n# This output is used by Xcode 'outputs' to avoid re-running this script phase.\necho \"SUCCESS\" > \"${SCRIPT_OUTPUT_FILE_0}\"\n";
			showEnvVarsInLog = 0;
		};
		BBCDCE75EB24CB97463C9817 /* [CP] Embed Pods Frameworks */ = {
			isa = PBXShellScriptBuildPhase;
			buildActionMask = 2147483647;
			files = (
			);
			inputFileListPaths = (
				"${PODS_ROOT}/Target Support Files/Pods-Spotify/Pods-Spotify-frameworks-${CONFIGURATION}-input-files.xcfilelist",
			);
			name = "[CP] Embed Pods Frameworks";
			outputFileListPaths = (
				"${PODS_ROOT}/Target Support Files/Pods-Spotify/Pods-Spotify-frameworks-${CONFIGURATION}-output-files.xcfilelist",
			);
			runOnlyForDeploymentPostprocessing = 0;
			shellPath = /bin/sh;
			shellScript = "\"${PODS_ROOT}/Target Support Files/Pods-Spotify/Pods-Spotify-frameworks.sh\"\n";
			showEnvVarsInLog = 0;
		};
/* End PBXShellScriptBuildPhase section */

/* Begin PBXSourcesBuildPhase section */
		75F24F4028C9589400E3D89E /* Sources */ = {
			isa = PBXSourcesBuildPhase;
			buildActionMask = 2147483647;
			files = (
				756E7B3928CA1FBE008FAFA7 /* SearchViewController.swift in Sources */,
				75E2A90A28E0E9E1000DBA16 /* PlaylistDetailsResponse.swift in Sources */,
				756E7B5328CA2249008FAFA7 /* Playlist.swift in Sources */,
				756E7B4D28CA217D008FAFA7 /* AuthManager.swift in Sources */,
				758D4C6A28D8C7B9004C73DF /* NewReleasesCellViewModel.swift in Sources */,
				75080C2928E5F2DF002B5333 /* AlbumCollectionViewCellViewModel.swift in Sources */,
				758600AC28DD24B30041A57C /* RecommendedTrackCellViewModel.swift in Sources */,
				756E7B4B28CA210E008FAFA7 /* SearchResultsViewController.swift in Sources */,
				759F264C28E3C48D00256ED3 /* TitleHeaderCollectionReusableView.swift in Sources */,
				75531DE128DE53BC00C0407F /* AlbumViewController.swift in Sources */,
				758600AA28DD23FC0041A57C /* FeaturedPlaylistCellViewModel.swift in Sources */,
				758E29C128D3BC6500A375F8 /* FeaturedPlaylistResponse.swift in Sources */,
				756E7B4128CA2082008FAFA7 /* WelcomeViewController.swift in Sources */,
				756E7B4528CA20AE008FAFA7 /* ProfileViewController.swift in Sources */,
				756E7B3728CA1F2D008FAFA7 /* TabBarViewController.swift in Sources */,
				75F7159328D7F4B4002F0728 /* RecommendedTrackCollectionViewCell.swift in Sources */,
				756E7B5128CA21D2008FAFA7 /* HapticsManager.swift in Sources */,
				75590F2728CCDFFE002B2C4A /* AuthResponse.swift in Sources */,
				75C6CEF628E77106009CE171 /* GenreCollectionViewCell.swift in Sources */,
				758E29BD28D3832500A375F8 /* NewReleasesResponse.swift in Sources */,
				75C5BF2628D51D3800409C53 /* RecommendationsResponse.swift in Sources */,
				75EFAC5A28E50EF1008F7D97 /* AlbumTrackCollectionViewCell.swift in Sources */,
				758E29BF28D3850000A375F8 /* APIImage.swift in Sources */,
				756E7B5528CA225E008FAFA7 /* AudioTrack.swift in Sources */,
				75F7158F28D7F3E8002F0728 /* NewReleaseCollectionViewCell.swift in Sources */,
				75F24F4C28C9589400E3D89E /* HomeViewController.swift in Sources */,
				75F7159128D7F45A002F0728 /* FeaturedPlaylistCollectionViewCell.swift in Sources */,
				756E7B3F28CA2068008FAFA7 /* AuthViewController.swift in Sources */,
				75F24F4828C9589400E3D89E /* AppDelegate.swift in Sources */,
				756E7B5928CA2280008FAFA7 /* UserProfile.swift in Sources */,
				7506249628E2263D00E4DC89 /* PlaylistHeaderCollectionReusableView.swift in Sources */,
				756E7B5B28CAA71F008FAFA7 /* Extensions.swift in Sources */,
				756E7B3B28CA1FFB008FAFA7 /* LibraryViewController.swift in Sources */,
				756E7B5728CA226D008FAFA7 /* Artist.swift in Sources */,
				7506249828E25AEA00E4DC89 /* PlaylistHeaderViewModel.swift in Sources */,
				75368F6528CFD83700632A36 /* SettingsModels.swift in Sources */,
				756E7B4928CA20EA008FAFA7 /* PlaylistViewController.swift in Sources */,
				75F24F4A28C9589400E3D89E /* SceneDelegate.swift in Sources */,
				75531DE328DE7CF200C0407F /* AlbumDetailsResponse.swift in Sources */,
				756E7B4728CA20CE008FAFA7 /* PlayerViewController.swift in Sources */,
				756E7B4F28CA219C008FAFA7 /* APICaller.swift in Sources */,
				756E7B4328CA2093008FAFA7 /* SettingsViewController.swift in Sources */,
				758E29C328D3EAE500A375F8 /* RecommendedGenresResponse.swift in Sources */,
			);
			runOnlyForDeploymentPostprocessing = 0;
		};
/* End PBXSourcesBuildPhase section */

/* Begin XCBuildConfiguration section */
		75F24F5628C9589700E3D89E /* Debug */ = {
			isa = XCBuildConfiguration;
			buildSettings = {
				ALWAYS_SEARCH_USER_PATHS = NO;
				CLANG_ANALYZER_NONNULL = YES;
				CLANG_ANALYZER_NUMBER_OBJECT_CONVERSION = YES_AGGRESSIVE;
				CLANG_CXX_LANGUAGE_STANDARD = "gnu++17";
				CLANG_ENABLE_MODULES = YES;
				CLANG_ENABLE_OBJC_ARC = YES;
				CLANG_ENABLE_OBJC_WEAK = YES;
				CLANG_WARN_BLOCK_CAPTURE_AUTORELEASING = YES;
				CLANG_WARN_BOOL_CONVERSION = YES;
				CLANG_WARN_COMMA = YES;
				CLANG_WARN_CONSTANT_CONVERSION = YES;
				CLANG_WARN_DEPRECATED_OBJC_IMPLEMENTATIONS = YES;
				CLANG_WARN_DIRECT_OBJC_ISA_USAGE = YES_ERROR;
				CLANG_WARN_DOCUMENTATION_COMMENTS = YES;
				CLANG_WARN_EMPTY_BODY = YES;
				CLANG_WARN_ENUM_CONVERSION = YES;
				CLANG_WARN_INFINITE_RECURSION = YES;
				CLANG_WARN_INT_CONVERSION = YES;
				CLANG_WARN_NON_LITERAL_NULL_CONVERSION = YES;
				CLANG_WARN_OBJC_IMPLICIT_RETAIN_SELF = YES;
				CLANG_WARN_OBJC_LITERAL_CONVERSION = YES;
				CLANG_WARN_OBJC_ROOT_CLASS = YES_ERROR;
				CLANG_WARN_QUOTED_INCLUDE_IN_FRAMEWORK_HEADER = YES;
				CLANG_WARN_RANGE_LOOP_ANALYSIS = YES;
				CLANG_WARN_STRICT_PROTOTYPES = YES;
				CLANG_WARN_SUSPICIOUS_MOVE = YES;
				CLANG_WARN_UNGUARDED_AVAILABILITY = YES_AGGRESSIVE;
				CLANG_WARN_UNREACHABLE_CODE = YES;
				CLANG_WARN__DUPLICATE_METHOD_MATCH = YES;
				COPY_PHASE_STRIP = NO;
				DEBUG_INFORMATION_FORMAT = dwarf;
				ENABLE_STRICT_OBJC_MSGSEND = YES;
				ENABLE_TESTABILITY = YES;
				GCC_C_LANGUAGE_STANDARD = gnu11;
				GCC_DYNAMIC_NO_PIC = NO;
				GCC_NO_COMMON_BLOCKS = YES;
				GCC_OPTIMIZATION_LEVEL = 0;
				GCC_PREPROCESSOR_DEFINITIONS = (
					"DEBUG=1",
					"$(inherited)",
				);
				GCC_WARN_64_TO_32_BIT_CONVERSION = YES;
				GCC_WARN_ABOUT_RETURN_TYPE = YES_ERROR;
				GCC_WARN_UNDECLARED_SELECTOR = YES;
				GCC_WARN_UNINITIALIZED_AUTOS = YES_AGGRESSIVE;
				GCC_WARN_UNUSED_FUNCTION = YES;
				GCC_WARN_UNUSED_VARIABLE = YES;
				IPHONEOS_DEPLOYMENT_TARGET = 15.5;
				MTL_ENABLE_DEBUG_INFO = INCLUDE_SOURCE;
				MTL_FAST_MATH = YES;
				ONLY_ACTIVE_ARCH = YES;
				SDKROOT = iphoneos;
				SWIFT_ACTIVE_COMPILATION_CONDITIONS = DEBUG;
				SWIFT_OPTIMIZATION_LEVEL = "-Onone";
			};
			name = Debug;
		};
		75F24F5728C9589700E3D89E /* Release */ = {
			isa = XCBuildConfiguration;
			buildSettings = {
				ALWAYS_SEARCH_USER_PATHS = NO;
				CLANG_ANALYZER_NONNULL = YES;
				CLANG_ANALYZER_NUMBER_OBJECT_CONVERSION = YES_AGGRESSIVE;
				CLANG_CXX_LANGUAGE_STANDARD = "gnu++17";
				CLANG_ENABLE_MODULES = YES;
				CLANG_ENABLE_OBJC_ARC = YES;
				CLANG_ENABLE_OBJC_WEAK = YES;
				CLANG_WARN_BLOCK_CAPTURE_AUTORELEASING = YES;
				CLANG_WARN_BOOL_CONVERSION = YES;
				CLANG_WARN_COMMA = YES;
				CLANG_WARN_CONSTANT_CONVERSION = YES;
				CLANG_WARN_DEPRECATED_OBJC_IMPLEMENTATIONS = YES;
				CLANG_WARN_DIRECT_OBJC_ISA_USAGE = YES_ERROR;
				CLANG_WARN_DOCUMENTATION_COMMENTS = YES;
				CLANG_WARN_EMPTY_BODY = YES;
				CLANG_WARN_ENUM_CONVERSION = YES;
				CLANG_WARN_INFINITE_RECURSION = YES;
				CLANG_WARN_INT_CONVERSION = YES;
				CLANG_WARN_NON_LITERAL_NULL_CONVERSION = YES;
				CLANG_WARN_OBJC_IMPLICIT_RETAIN_SELF = YES;
				CLANG_WARN_OBJC_LITERAL_CONVERSION = YES;
				CLANG_WARN_OBJC_ROOT_CLASS = YES_ERROR;
				CLANG_WARN_QUOTED_INCLUDE_IN_FRAMEWORK_HEADER = YES;
				CLANG_WARN_RANGE_LOOP_ANALYSIS = YES;
				CLANG_WARN_STRICT_PROTOTYPES = YES;
				CLANG_WARN_SUSPICIOUS_MOVE = YES;
				CLANG_WARN_UNGUARDED_AVAILABILITY = YES_AGGRESSIVE;
				CLANG_WARN_UNREACHABLE_CODE = YES;
				CLANG_WARN__DUPLICATE_METHOD_MATCH = YES;
				COPY_PHASE_STRIP = NO;
				DEBUG_INFORMATION_FORMAT = "dwarf-with-dsym";
				ENABLE_NS_ASSERTIONS = NO;
				ENABLE_STRICT_OBJC_MSGSEND = YES;
				GCC_C_LANGUAGE_STANDARD = gnu11;
				GCC_NO_COMMON_BLOCKS = YES;
				GCC_WARN_64_TO_32_BIT_CONVERSION = YES;
				GCC_WARN_ABOUT_RETURN_TYPE = YES_ERROR;
				GCC_WARN_UNDECLARED_SELECTOR = YES;
				GCC_WARN_UNINITIALIZED_AUTOS = YES_AGGRESSIVE;
				GCC_WARN_UNUSED_FUNCTION = YES;
				GCC_WARN_UNUSED_VARIABLE = YES;
				IPHONEOS_DEPLOYMENT_TARGET = 15.5;
				MTL_ENABLE_DEBUG_INFO = NO;
				MTL_FAST_MATH = YES;
				SDKROOT = iphoneos;
				SWIFT_COMPILATION_MODE = wholemodule;
				SWIFT_OPTIMIZATION_LEVEL = "-O";
				VALIDATE_PRODUCT = YES;
			};
			name = Release;
		};
		75F24F5928C9589700E3D89E /* Debug */ = {
			isa = XCBuildConfiguration;
			baseConfigurationReference = 0B8A6CE7BED82C350A72FE80 /* Pods-Spotify.debug.xcconfig */;
			buildSettings = {
				ASSETCATALOG_COMPILER_APPICON_NAME = AppIcon;
				ASSETCATALOG_COMPILER_GLOBAL_ACCENT_COLOR_NAME = AccentColor;
				CODE_SIGN_STYLE = Automatic;
				CURRENT_PROJECT_VERSION = 1;
				DEVELOPMENT_TEAM = VM55LWG8PP;
				GENERATE_INFOPLIST_FILE = YES;
				INFOPLIST_FILE = Spotify/Info.plist;
				INFOPLIST_KEY_UIApplicationSupportsIndirectInputEvents = YES;
				INFOPLIST_KEY_UILaunchStoryboardName = LaunchScreen;
				INFOPLIST_KEY_UIStatusBarStyle = "";
				INFOPLIST_KEY_UISupportedInterfaceOrientations_iPad = "UIInterfaceOrientationPortrait UIInterfaceOrientationPortraitUpsideDown UIInterfaceOrientationLandscapeLeft UIInterfaceOrientationLandscapeRight";
				INFOPLIST_KEY_UISupportedInterfaceOrientations_iPhone = "UIInterfaceOrientationPortrait UIInterfaceOrientationLandscapeLeft UIInterfaceOrientationLandscapeRight";
				LD_RUNPATH_SEARCH_PATHS = (
					"$(inherited)",
					"@executable_path/Frameworks",
				);
				MARKETING_VERSION = 1.0;
				PRODUCT_BUNDLE_IDENTIFIER = com.elizeurs.Spotify;
				PRODUCT_NAME = "$(TARGET_NAME)";
				SWIFT_EMIT_LOC_STRINGS = YES;
				SWIFT_VERSION = 5.0;
				TARGETED_DEVICE_FAMILY = "1,2";
			};
			name = Debug;
		};
		75F24F5A28C9589700E3D89E /* Release */ = {
			isa = XCBuildConfiguration;
			baseConfigurationReference = CF0A19216AE5E620EB4A5953 /* Pods-Spotify.release.xcconfig */;
			buildSettings = {
				ASSETCATALOG_COMPILER_APPICON_NAME = AppIcon;
				ASSETCATALOG_COMPILER_GLOBAL_ACCENT_COLOR_NAME = AccentColor;
				CODE_SIGN_STYLE = Automatic;
				CURRENT_PROJECT_VERSION = 1;
				DEVELOPMENT_TEAM = VM55LWG8PP;
				GENERATE_INFOPLIST_FILE = YES;
				INFOPLIST_FILE = Spotify/Info.plist;
				INFOPLIST_KEY_UIApplicationSupportsIndirectInputEvents = YES;
				INFOPLIST_KEY_UILaunchStoryboardName = LaunchScreen;
				INFOPLIST_KEY_UIStatusBarStyle = "";
				INFOPLIST_KEY_UISupportedInterfaceOrientations_iPad = "UIInterfaceOrientationPortrait UIInterfaceOrientationPortraitUpsideDown UIInterfaceOrientationLandscapeLeft UIInterfaceOrientationLandscapeRight";
				INFOPLIST_KEY_UISupportedInterfaceOrientations_iPhone = "UIInterfaceOrientationPortrait UIInterfaceOrientationLandscapeLeft UIInterfaceOrientationLandscapeRight";
				LD_RUNPATH_SEARCH_PATHS = (
					"$(inherited)",
					"@executable_path/Frameworks",
				);
				MARKETING_VERSION = 1.0;
				PRODUCT_BUNDLE_IDENTIFIER = com.elizeurs.Spotify;
				PRODUCT_NAME = "$(TARGET_NAME)";
				SWIFT_EMIT_LOC_STRINGS = YES;
				SWIFT_VERSION = 5.0;
				TARGETED_DEVICE_FAMILY = "1,2";
			};
			name = Release;
		};
/* End XCBuildConfiguration section */

/* Begin XCConfigurationList section */
		75F24F3F28C9589400E3D89E /* Build configuration list for PBXProject "Spotify" */ = {
			isa = XCConfigurationList;
			buildConfigurations = (
				75F24F5628C9589700E3D89E /* Debug */,
				75F24F5728C9589700E3D89E /* Release */,
			);
			defaultConfigurationIsVisible = 0;
			defaultConfigurationName = Release;
		};
		75F24F5828C9589700E3D89E /* Build configuration list for PBXNativeTarget "Spotify" */ = {
			isa = XCConfigurationList;
			buildConfigurations = (
				75F24F5928C9589700E3D89E /* Debug */,
				75F24F5A28C9589700E3D89E /* Release */,
			);
			defaultConfigurationIsVisible = 0;
			defaultConfigurationName = Release;
		};
/* End XCConfigurationList section */
	};
	rootObject = 75F24F3C28C9589400E3D89E /* Project object */;
}
